
Microsoft Visual Studio Solution File, Format Version 12.00
# Visual Studio 15
VisualStudioVersion = 15.0.28307.271
MinimumVisualStudioVersion = 10.0.40219.1
Project("{FAE04EC0-301F-11D3-BF4B-00C04F79EFBC}") = "GTL_Integration", "GTL_Integration\GTL_Integration.csproj", "{00CB8551-E396-400D-A14C-EBBC49B6477D}"
EndProject
Project("{FAE04EC0-301F-11D3-BF4B-00C04F79EFBC}") = "GTL_IntegrationTests", "GTL_IntegrationTests\GTL_IntegrationTests.csproj", "{0754C62B-226D-4937-8FF6-A1145D576BC0}"
EndProject
Global
	GlobalSection(SolutionConfigurationPlatforms) = preSolution
		Debug|Any CPU = Debug|Any CPU
		Release|Any CPU = Release|Any CPU
	EndGlobalSection
	GlobalSection(ProjectConfigurationPlatforms) = postSolution
		{00CB8551-E396-400D-A14C-EBBC49B6477D}.Debug|Any CPU.ActiveCfg = Debug|Any CPU
		{00CB8551-E396-400D-A14C-EBBC49B6477D}.Debug|Any CPU.Build.0 = Debug|Any CPU
		{00CB8551-E396-400D-A14C-EBBC49B6477D}.Release|Any CPU.ActiveCfg = Release|Any CPU
		{00CB8551-E396-400D-A14C-EBBC49B6477D}.Release|Any CPU.Build.0 = Release|Any CPU
		{0754C62B-226D-4937-8FF6-A1145D576BC0}.Debug|Any CPU.ActiveCfg = Debug|Any CPU
		{0754C62B-226D-4937-8FF6-A1145D576BC0}.Debug|Any CPU.Build.0 = Debug|Any CPU
		{0754C62B-226D-4937-8FF6-A1145D576BC0}.Release|Any CPU.ActiveCfg = Release|Any CPU
		{0754C62B-226D-4937-8FF6-A1145D576BC0}.Release|Any CPU.Build.0 = Release|Any CPU
	EndGlobalSection
	GlobalSection(SolutionProperties) = preSolution
		HideSolutionNode = FALSE
	EndGlobalSection
	GlobalSection(ExtensibilityGlobals) = postSolution
		SolutionGuid = {A7514DB9-A9F4-4361-AAA2-A2891495CC0C}
	EndGlobalSection
EndGlobal
